{
    "name": "node-papers-dl",
    "version": "1.0.0",
    "lockfileVersion": 3,
    "requires": true,
    "packages": {
        "": {
            "name": "node-papers-dl",
            "version": "1.0.0",
            "bin": {
                "node-papers-dl": "index.js"
            }
        }
    }
}
